
Microsoft Visual Studio Solution File, Format Version 12.00
# Visual Studio Version 17
VisualStudioVersion = 17.11.35312.102
MinimumVisualStudioVersion = 10.0.40219.1
Project("{FAE04EC0-301F-11D3-BF4B-00C04F79EFBC}") = "legyenonismilliomos", "legyenonismilliomos\legyenonismilliomos.csproj", "{9C1FBC34-2EA1-4C1F-BA99-C7B4F2CD807A}"
EndProject
Global
	GlobalSection(SolutionConfigurationPlatforms) = preSolution
		Debug|Any CPU = Debug|Any CPU
		Release|Any CPU = Release|Any CPU
	EndGlobalSection
	GlobalSection(ProjectConfigurationPlatforms) = postSolution
		{9C1FBC34-2EA1-4C1F-BA99-C7B4F2CD807A}.Debug|Any CPU.ActiveCfg = Debug|Any CPU
		{9C1FBC34-2EA1-4C1F-BA99-C7B4F2CD807A}.Debug|Any CPU.Build.0 = Debug|Any CPU
		{9C1FBC34-2EA1-4C1F-BA99-C7B4F2CD807A}.Release|Any CPU.ActiveCfg = Release|Any CPU
		{9C1FBC34-2EA1-4C1F-BA99-C7B4F2CD807A}.Release|Any CPU.Build.0 = Release|Any CPU
	EndGlobalSection
	GlobalSection(SolutionProperties) = preSolution
		HideSolutionNode = FALSE
	EndGlobalSection
	GlobalSection(ExtensibilityGlobals) = postSolution
		SolutionGuid = {EF6485C9-2F61-4904-8623-29A7F8C9F8BF}
	EndGlobalSection
EndGlobal
